
Microsoft Visual Studio Solution File, Format Version 12.00
# Visual Studio Version 17
VisualStudioVersion = 17.0.31919.166
MinimumVisualStudioVersion = 10.0.40219.1
Project("{FAE04EC0-301F-11D3-BF4B-00C04F79EFBC}") = "пиксель1", "пиксель1\пиксель1.csproj", "{5D0B3596-5213-4F5E-8401-EB58D98B69FC}"
EndProject
Global
	GlobalSection(SolutionConfigurationPlatforms) = preSolution
		Debug|Any CPU = Debug|Any CPU
		Release|Any CPU = Release|Any CPU
	EndGlobalSection
	GlobalSection(ProjectConfigurationPlatforms) = postSolution
		{5D0B3596-5213-4F5E-8401-EB58D98B69FC}.Debug|Any CPU.ActiveCfg = Debug|Any CPU
		{5D0B3596-5213-4F5E-8401-EB58D98B69FC}.Debug|Any CPU.Build.0 = Debug|Any CPU
		{5D0B3596-5213-4F5E-8401-EB58D98B69FC}.Release|Any CPU.ActiveCfg = Release|Any CPU
		{5D0B3596-5213-4F5E-8401-EB58D98B69FC}.Release|Any CPU.Build.0 = Release|Any CPU
	EndGlobalSection
	GlobalSection(SolutionProperties) = preSolution
		HideSolutionNode = FALSE
	EndGlobalSection
	GlobalSection(ExtensibilityGlobals) = postSolution
		SolutionGuid = {7B9DFF23-578A-4E48-8393-57CBA3158127}
	EndGlobalSection
EndGlobal
